<?xml version="1.0" encoding="UTF-8" standalone="yes" ?>
<CodeBlocks_project_file>
	<FileVersion major="1" minor="6" />
	<Project>
		<Option title="BomberMan" />
		<Option pch_mode="2" />
		<Option compiler="gcc" />
		<Build>
			<Target title="Debug">
				<Option output="bin/Debug/BomberMan" prefix_auto="1" extension_auto="1" />
				<Option object_output="obj/Debug/" />
				<Option type="1" />
				<Option compiler="gcc" />
				<Compiler>
					<Add option="-g" />
					<Add directory="include" />
				</Compiler>
			</Target>
			<Target title="Release">
				<Option output="bin/Release/BomberMan" prefix_auto="1" extension_auto="1" />
				<Option object_output="obj/Release/" />
				<Option type="0" />
				<Option compiler="gcc" />
				<Compiler>
					<Add option="-O2" />
					<Add directory="include" />
				</Compiler>
				<Linker>
					<Add option="-s" />
				</Linker>
			</Target>
		</Build>
		<Compiler>
			<Add option="-Wall" />
			<Add directory="include" />
		</Compiler>
		<Linker>
			<Add option="-lpthread" />
			<Add library="mingw32" />
			<Add library="SDLmain" />
			<Add library="SDL" />
			<Add library="lib/libSDL.dll.a" />
			<Add library="lib/SDL_image.lib" />
			<Add library="lib/SDL_ttf.lib" />
			<Add directory="lib" />
		</Linker>
		<Unit filename="include/BMPSurface.h" />
		<Unit filename="include/Bomb.h" />
		<Unit filename="include/Bomberman.h" />
		<Unit filename="include/Character.h" />
		<Unit filename="include/Explosion.h" />
		<Unit filename="include/Grid.h" />
		<Unit filename="include/Screen.h" />
		<Unit filename="include/Sprite.h" />
		<Unit filename="include/Structures.h" />
		<Unit filename="include/Surface.h" />
		<Unit filename="include/Tile.h" />
		<Unit filename="include/Window.h" />
		<Unit filename="src/BMPSurface.cpp" />
		<Unit filename="src/Bomb.cpp" />
		<Unit filename="src/Bomberman.cpp" />
		<Unit filename="src/Character.cpp" />
		<Unit filename="src/Explosion.cpp" />
		<Unit filename="src/Grid.cpp" />
		<Unit filename="src/Screen.cpp" />
		<Unit filename="src/Sprite.cpp" />
		<Unit filename="src/Surface.cpp" />
		<Unit filename="src/Tile.cpp" />
		<Unit filename="src/Window.cpp" />
		<Unit filename="src/main.cpp" />
		<Extensions>
			<code_completion />
			<debugger />
			<envvars />
		</Extensions>
	</Project>
</CodeBlocks_project_file>
